
Microsoft Visual Studio Solution File, Format Version 12.00
# Visual Studio Version 17
VisualStudioVersion = 17.4.33213.308
MinimumVisualStudioVersion = 10.0.40219.1
Project("{FAE04EC0-301F-11D3-BF4B-00C04F79EFBC}") = "ProvaLogicaCsharp1.1", "ProvaLogicaCsharp1.1.csproj", "{3B0432AA-9484-46A1-8059-E2C5AB279354}"
EndProject
Global
	GlobalSection(SolutionConfigurationPlatforms) = preSolution
		Debug|Any CPU = Debug|Any CPU
		Release|Any CPU = Release|Any CPU
	EndGlobalSection
	GlobalSection(ProjectConfigurationPlatforms) = postSolution
		{3B0432AA-9484-46A1-8059-E2C5AB279354}.Debug|Any CPU.ActiveCfg = Debug|Any CPU
		{3B0432AA-9484-46A1-8059-E2C5AB279354}.Debug|Any CPU.Build.0 = Debug|Any CPU
		{3B0432AA-9484-46A1-8059-E2C5AB279354}.Release|Any CPU.ActiveCfg = Release|Any CPU
		{3B0432AA-9484-46A1-8059-E2C5AB279354}.Release|Any CPU.Build.0 = Release|Any CPU
	EndGlobalSection
	GlobalSection(SolutionProperties) = preSolution
		HideSolutionNode = FALSE
	EndGlobalSection
	GlobalSection(ExtensibilityGlobals) = postSolution
		SolutionGuid = {48E811E1-9948-4B9B-A5DC-E49CE412E89C}
	EndGlobalSection
EndGlobal
